{
  "requires": true,
  "lockfileVersion": 1,
  "dependencies": {
    "@webcomponents/template": {
      "version": "1.4.4",
      "resolved": "https://registry.npmjs.org/@webcomponents/template/-/template-1.4.4.tgz",
      "integrity": "sha512-QqCmmywIKJTilkl6UIPLxEBBuqhDaOBpvQyKOnUEwl9lJuVHBrVlhMIhhnp9VSZJ6xEUnp+PiX8DST1k0q/v4Q=="
    },
    "child-replace-with-polyfill": {
      "version": "1.0.1",
      "resolved": "https://registry.npmjs.org/child-replace-with-polyfill/-/child-replace-with-polyfill-1.0.1.tgz",
      "integrity": "sha512-BlTZAW4YN/rb5H/LkQC9h8i/PaylFkbTPs5z0xx/j3aje/2iQqfykfYMZY9O6herPhu3DB1fG6SmJa6LtolcnQ=="
    },
    "classlist-polyfill": {
      "version": "1.2.0",
      "resolved": "https://registry.npmjs.org/classlist-polyfill/-/classlist-polyfill-1.2.0.tgz",
      "integrity": "sha1-k1vC39lFiodrJ5YXUUY4vKqWSi4="
    },
    "core-js": {
      "version": "3.6.5",
      "resolved": "https://registry.npmjs.org/core-js/-/core-js-3.6.5.tgz",
      "integrity": "sha512-vZVEEwZoIsI+vPEuoF9Iqf5H7/M3eeQqWlQnYa8FSKKePuYTf5MWnxb5SDAzCa60b3JBRS5g9b+Dq7b1y/RCrA=="
    },
    "formdata-polyfill": {
      "version": "3.0.20",
      "resolved": "https://registry.npmjs.org/formdata-polyfill/-/formdata-polyfill-3.0.20.tgz",
      "integrity": "sha512-TAaxIEwTBdoH1TWndtUH1T0/GisUHwmOKcV5hjkR/iTatHBJSOHb563FP86Lra5nXo3iNdhK7HPwMl5Ihg71pg=="
    },
    "mdn-polyfills": {
      "version": "5.20.0",
      "resolved": "https://registry.npmjs.org/mdn-polyfills/-/mdn-polyfills-5.20.0.tgz",
      "integrity": "sha512-AbTv1ytcoOUAkxw6u5oo2QPf27kEZgxBAQr49jFb4i2VnTnFGfJbcIQ9UDBOdfNECeXsgkYFwB2BkdeTfOzztw=="
    },
    "shim-keyboard-event-key": {
      "version": "1.0.3",
      "resolved": "https://registry.npmjs.org/shim-keyboard-event-key/-/shim-keyboard-event-key-1.0.3.tgz",
      "integrity": "sha512-PTNRkOxDlZ2+Xz4CbKJJsh/pe1DJdaC+b4HHV02A1aEWNmwh1g9am0ZiU/ktu3uVfQrY3yDHTOVhst3xpLhw2A=="
    },
    "url-search-params-polyfill": {
      "version": "8.1.0",
      "resolved": "https://registry.npmjs.org/url-search-params-polyfill/-/url-search-params-polyfill-8.1.0.tgz",
      "integrity": "sha512-MRG3vzXyG20BJ2fox50/9ZRoe+2h3RM7DIudVD2u/GY9MtayO1Dkrna76IUOak+uoUPVWbyR0pHCzxctP/eDYQ=="
    }
  }
}
