%{
  "aspire": {:hex, :aspire, "0.1.0", "fa381c3583c2fb4b2a1dfa945dee52ac017d7043cc7bfa76dfd4323eaa547037", [:mix], [], "hexpm", "e150f225278dc055f39c4d3a4850ccf6fad08254669e45421c79906f78e17a57"},
  "bennu": {:git, "https://github.com/coingaming/bennu.git", "b114933b042dd882f9553698bf6d2adcdc4646da", []},
  "cachex": {:hex, :cachex, "3.3.0", "6f2ebb8f27491fe39121bd207c78badc499214d76c695658b19d6079beeca5c2", [:mix], [{:eternal, "~> 1.2", [hex: :eternal, repo: "hexpm", optional: false]}, {:jumper, "~> 1.0", [hex: :jumper, repo: "hexpm", optional: false]}, {:sleeplocks, "~> 1.1", [hex: :sleeplocks, repo: "hexpm", optional: false]}, {:unsafe, "~> 1.0", [hex: :unsafe, repo: "hexpm", optional: false]}], "hexpm", "d90e5ee1dde14cef33f6b187af4335b88748b72b30c038969176cd4e6ccc31a1"},
  "calculus": {:hex, :calculus, "0.3.0", "421afd9738babb52956d3171f2e02aefc5b75a59a98a8a1da953bf5a49c5ca2f", [:mix], [], "hexpm", "e4033ed3a2947622d74a07a2c013045fbe9d4cefc2a2869ed4bde0040660d847"},
  "certifi": {:hex, :certifi, "2.5.2", "b7cfeae9d2ed395695dd8201c57a2d019c0c43ecaf8b8bcb9320b40d6662f340", [:rebar3], [{:parse_trans, "~>3.3", [hex: :parse_trans, repo: "hexpm", optional: false]}], "hexpm", "3b3b5f36493004ac3455966991eaf6e768ce9884693d9968055aeeeb1e575040"},
  "comparable": {:hex, :comparable, "1.0.0", "bb669e91cedd14ae9937053e5bcbc3c52bb2f22422611f43b6e38367d94a495f", [:mix], [{:typable, "~> 0.1", [hex: :typable, repo: "hexpm", optional: false]}], "hexpm", "277c11eeb1cd726e7cd41c6c199e7e52fa16ee6830b45ad4cdc62e51f62eb60c"},
  "comparable_decimal": {:hex, :comparable_decimal, "0.1.2", "354bad58827dda28e0556c45caa4a0b6180d467f406470166e3e1fa8d60a0a68", [:mix], [{:comparable, "~> 1.0.0", [hex: :comparable, repo: "hexpm", optional: false]}, {:decimal, "~> 1.7", [hex: :decimal, repo: "hexpm", optional: false]}], "hexpm", "d3aa428c2571ac4104a40b4b44bc95be44db89578193bfa5a63c2ffc80794cce"},
  "connection": {:hex, :connection, "1.0.4", "a1cae72211f0eef17705aaededacac3eb30e6625b04a6117c1b2db6ace7d5976", [:mix], [], "hexpm", "4a0850c9be22a43af9920a71ab17c051f5f7d45c209e40269a1938832510e4d9"},
  "constantine": {:hex, :constantine, "0.1.1", "78e2824a0f8afedb779c34f2109807b3915d982508ab511292c697ffcd0d84cf", [:mix], [], "hexpm", "f9837807a04ac48df1652a17dab1e21788084952686c47d63a4d2118333bbc73"},
  "cowboy": {:hex, :cowboy, "2.8.0", "f3dc62e35797ecd9ac1b50db74611193c29815401e53bac9a5c0577bd7bc667d", [:rebar3], [{:cowlib, "~> 2.9.1", [hex: :cowlib, repo: "hexpm", optional: false]}, {:ranch, "~> 1.7.1", [hex: :ranch, repo: "hexpm", optional: false]}], "hexpm", "4643e4fba74ac96d4d152c75803de6fad0b3fa5df354c71afdd6cbeeb15fac8a"},
  "cowlib": {:hex, :cowlib, "2.9.1", "61a6c7c50cf07fdd24b2f45b89500bb93b6686579b069a89f88cb211e1125c78", [:rebar3], [], "hexpm", "e4175dc240a70d996156160891e1c62238ede1729e45740bdd38064dad476170"},
  "db_connection": {:hex, :db_connection, "2.2.2", "3bbca41b199e1598245b716248964926303b5d4609ff065125ce98bcd368939e", [:mix], [{:connection, "~> 1.0.2", [hex: :connection, repo: "hexpm", optional: false]}], "hexpm", "642af240d8a8affb93b4ba5a6fcd2bbcbdc327e1a524b825d383711536f8070c"},
  "decimal": {:hex, :decimal, "1.9.0", "83e8daf59631d632b171faabafb4a9f4242c514b0a06ba3df493951c08f64d07", [:mix], [], "hexpm", "b1f2343568eed6928f3e751cf2dffde95bfaa19dd95d09e8a9ea92ccfd6f7d85"},
  "defnamed": {:hex, :defnamed, "0.1.3", "8d81c1e97be1c25ac71737b4ade32432fcea71eb59e0fe0dea8f5e2172a429bf", [:mix], [], "hexpm", "3198063d98aaaec920fe2a155bc011b43b794808e59579a5ca1e2426209bafcf"},
  "earmark": {:hex, :earmark, "1.3.6", "ce1d0675e10a5bb46b007549362bd3f5f08908843957687d8484fe7f37466b19", [:mix], [], "hexpm", "1476378df80982302d5a7857b6a11dd0230865057dec6d16544afecc6bc6b4c2"},
  "ecto": {:hex, :ecto, "3.4.4", "a2c881e80dc756d648197ae0d936216c0308370332c5e77a2325a10293eef845", [:mix], [{:decimal, "~> 1.6 or ~> 2.0", [hex: :decimal, repo: "hexpm", optional: false]}, {:jason, "~> 1.0", [hex: :jason, repo: "hexpm", optional: true]}, {:telemetry, "~> 0.4", [hex: :telemetry, repo: "hexpm", optional: false]}], "hexpm", "cc4bd3ad62abc3b21fb629f0f7a3dab23a192fca837d257dd08449fba7373561"},
  "ecto_enum": {:hex, :ecto_enum, "1.4.1", "bf53f8cce7059539283314dc78b5e10a28591d442890467012c277f942c8b671", [:mix], [{:ecto, ">= 3.0.0", [hex: :ecto, repo: "hexpm", optional: false]}, {:ecto_sql, "> 3.0.0", [hex: :ecto_sql, repo: "hexpm", optional: false]}, {:mariaex, ">= 0.0.0", [hex: :mariaex, repo: "hexpm", optional: true]}, {:postgrex, ">= 0.0.0", [hex: :postgrex, repo: "hexpm", optional: true]}], "hexpm:coingaming", "20eafed9920d8c44b1c544a649ef2d24ec7a31527e73e64d2ed4e4124eab417b"},
  "ecto_sql": {:hex, :ecto_sql, "3.4.5", "30161f81b167d561a9a2df4329c10ae05ff36eca7ccc84628f2c8b9fa1e43323", [:mix], [{:db_connection, "~> 2.2", [hex: :db_connection, repo: "hexpm", optional: false]}, {:ecto, "~> 3.4.3", [hex: :ecto, repo: "hexpm", optional: false]}, {:myxql, "~> 0.3.0 or ~> 0.4.0", [hex: :myxql, repo: "hexpm", optional: true]}, {:postgrex, "~> 0.15.0", [hex: :postgrex, repo: "hexpm", optional: true]}, {:tds, "~> 2.1.0", [hex: :tds, repo: "hexpm", optional: true]}, {:telemetry, "~> 0.4.0", [hex: :telemetry, repo: "hexpm", optional: false]}], "hexpm", "31990c6a3579b36a3c0841d34a94c275e727de8b84f58509da5f1b2032c98ac2"},
  "eternal": {:hex, :eternal, "1.2.1", "d5b6b2499ba876c57be2581b5b999ee9bdf861c647401066d3eeed111d096bc4", [:mix], [], "hexpm", "b14f1dc204321429479c569cfbe8fb287541184ed040956c8862cb7a677b8406"},
  "ex_doc": {:hex, :ex_doc, "0.22.1", "9bb6d51508778193a4ea90fa16eac47f8b67934f33f8271d5e1edec2dc0eee4c", [:mix], [{:earmark, "~> 1.4.0", [hex: :earmark, repo: "hexpm", optional: false]}, {:makeup_elixir, "~> 0.14", [hex: :makeup_elixir, repo: "hexpm", optional: false]}], "hexpm", "d957de1b75cb9f78d3ee17820733dc4460114d8b1e11f7ee4fd6546e69b1db60"},
  "ex_statsd": {:hex, :ex_statsd, "0.5.4", "e42e86ad270f75b874d2bee2cb8cda02b29c77ea62d3ebf47e3b7d6efea280b8", [:mix], [], "hexpm:coingaming", "b548ca63d778d788fd0b4f5445ac1dd02aab86d1672fd7eac8e2f9ca24eaa57a"},
  "floki": {:hex, :floki, "0.25.0", "b1c9ddf5f32a3a90b43b76f3386ca054325dc2478af020e87b5111c19f2284ac", [:mix], [{:html_entities, "~> 0.5.0", [hex: :html_entities, repo: "hexpm", optional: false]}], "hexpm", "631f4e627c46d5ecd347df5a2accdaf0621c77c3693c5b75a8ad58e84c61f242"},
  "gen_enum": {:hex, :gen_enum, "0.4.4", "cb3ea202a3acf2b060aa25689fb2a96cca6b3b4318af52788a0c5f6a5bf2d542", [:mix], [{:aspire, "~> 0.1", [hex: :aspire, repo: "hexpm", optional: false]}, {:ecto_enum, "~> 1.4.1", [hex: :ecto_enum, repo: "hexpm:coingaming", optional: false]}, {:ecto_sql, "~> 3.1", [hex: :ecto_sql, repo: "hexpm", optional: false]}, {:uelli, "~> 0.1", [hex: :uelli, repo: "hexpm", optional: false]}], "hexpm:coingaming", "326f9ddd29b39020d5d4c6b7974e4c6e67c46e8d8e8106ca956e066a12f471b2"},
  "gettext": {:hex, :gettext, "0.18.1", "89e8499b051c7671fa60782faf24409b5d2306aa71feb43d79648a8bc63d0522", [:mix], [], "hexpm", "e70750c10a5f88cb8dc026fc28fa101529835026dec4a06dba3b614f2a99c7a9"},
  "hackney": {:hex, :hackney, "1.16.0", "5096ac8e823e3a441477b2d187e30dd3fff1a82991a806b2003845ce72ce2d84", [:rebar3], [{:certifi, "2.5.2", [hex: :certifi, repo: "hexpm", optional: false]}, {:idna, "6.0.1", [hex: :idna, repo: "hexpm", optional: false]}, {:metrics, "1.0.1", [hex: :metrics, repo: "hexpm", optional: false]}, {:mimerl, "~>1.1", [hex: :mimerl, repo: "hexpm", optional: false]}, {:parse_trans, "3.3.0", [hex: :parse_trans, repo: "hexpm", optional: false]}, {:ssl_verify_fun, "1.1.6", [hex: :ssl_verify_fun, repo: "hexpm", optional: false]}], "hexpm", "3bf0bebbd5d3092a3543b783bf065165fa5d3ad4b899b836810e513064134e18"},
  "hm_crypto": {:hex, :hm_crypto, "0.1.3", "8e601539ae7aa8b2b076ba33acad170c61145d961a3cb7d367e7b641fcce51c4", [:mix], [], "hexpm", "7af4f33b49addcc144540646e5af07c793e661314eb77adb25e79ed7f3f0be7e"},
  "html_entities": {:hex, :html_entities, "0.5.1", "1c9715058b42c35a2ab65edc5b36d0ea66dd083767bef6e3edb57870ef556549", [:mix], [], "hexpm", "30efab070904eb897ff05cd52fa61c1025d7f8ef3a9ca250bc4e6513d16c32de"},
  "httpoison": {:hex, :httpoison, "1.7.0", "abba7d086233c2d8574726227b6c2c4f6e53c4deae7fe5f6de531162ce9929a0", [:mix], [{:hackney, "~> 1.16", [hex: :hackney, repo: "hexpm", optional: false]}], "hexpm", "975cc87c845a103d3d1ea1ccfd68a2700c211a434d8428b10c323dc95dc5b980"},
  "idna": {:hex, :idna, "6.0.1", "1d038fb2e7668ce41fbf681d2c45902e52b3cb9e9c77b55334353b222c2ee50c", [:rebar3], [{:unicode_util_compat, "0.5.0", [hex: :unicode_util_compat, repo: "hexpm", optional: false]}], "hexpm", "a02c8a1c4fd601215bb0b0324c8a6986749f807ce35f25449ec9e69758708122"},
  "illuminati": {:hex, :illuminati, "1.0.3", "6e98022c465dfa9d3368e250b697d7e12f6bc854a754386169bbb7f87a838ffa", [:mix], [{:ex_statsd, "~> 0.5.4", [hex: :ex_statsd, repo: "hexpm:coingaming", optional: false]}], "hexpm:coingaming", "56ca087e0f63ab36bae2df7f15b0bffadf2711aba85ce31f94aab3e039ff9ccb"},
  "jason": {:hex, :jason, "1.2.2", "ba43e3f2709fd1aa1dce90aaabfd039d000469c05c56f0b8e31978e03fa39052", [:mix], [{:decimal, "~> 1.0 or ~> 2.0", [hex: :decimal, repo: "hexpm", optional: true]}], "hexpm", "18a228f5f0058ee183f29f9eae0805c6e59d61c3b006760668d8d18ff0d12179"},
  "jumper": {:hex, :jumper, "1.0.1", "3c00542ef1a83532b72269fab9f0f0c82bf23a35e27d278bfd9ed0865cecabff", [:mix], [], "hexpm", "318c59078ac220e966d27af3646026db9b5a5e6703cb2aa3e26bcfaba65b7433"},
  "kare": {:hex, :kare, "1.0.0", "bc3b0509abce31061e7062304bf63ad7a72f45ebd482cfe29c18c9a1706186a4", [:mix], [], "hexpm", "ad3e05e1dba000005b8c1f6e7724eb6160ccf4c8a77bbcc376bbacd9c780ce9d"},
  "lab_flask": {:git, "git@github.com:coingaming/lab_flask.git", "0136fb5adda6aecb09e8e47e6a2ea1b89034726d", []},
  "live_store": {:hex, :live_store, "0.1.0", "6650e990d2f7fc69820a3a1f2371d32e8be9f295735fee9260af007796ea759b", [:mix], [], "hexpm", "5eed176b4cd50d808d5607ea68a3e39920ad79865bffd14fae86e881bb57a5b3"},
  "loggable": {:hex, :loggable, "0.1.1", "4b6ae7aec8160e2d7dc79af94822d596099164108de6eb3bedd7939a6a1d993f", [:mix], [], "hexpm", "43ea3bbf040132f6efa5522a7bf6145f4b1f09090da6f3558eb23d4e38a75ffb"},
  "logger_json": {:git, "https://github.com/coingaming/logger_json.git", "4410ef36f2f83e18eece6e7593d914aa6e7e7bc7", []},
  "makeup": {:hex, :makeup, "1.0.3", "e339e2f766d12e7260e6672dd4047405963c5ec99661abdc432e6ec67d29ef95", [:mix], [{:nimble_parsec, "~> 0.5", [hex: :nimble_parsec, repo: "hexpm", optional: false]}], "hexpm", "2e9b4996d11832947731f7608fed7ad2f9443011b3b479ae288011265cdd3dad"},
  "makeup_elixir": {:hex, :makeup_elixir, "0.14.1", "4f0e96847c63c17841d42c08107405a005a2680eb9c7ccadfd757bd31dabccfb", [:mix], [{:makeup, "~> 1.0", [hex: :makeup, repo: "hexpm", optional: false]}], "hexpm", "f2438b1a80eaec9ede832b5c41cd4f373b38fd7aa33e3b22d9db79e640cbde11"},
  "meme": {:hex, :meme, "0.2.3", "cc67aace69279b195eee963ac6110cf2616864cb28864e0eb20b6d9dd8845742", [:mix], [{:cachex, "~> 3.2", [hex: :cachex, repo: "hexpm", optional: false]}], "hexpm:coingaming", "f6ba37558e88cb27421a33afcf5633b969800b6e1d5ba4fe5821b5c38772d23c"},
  "metrics": {:hex, :metrics, "1.0.1", "25f094dea2cda98213cecc3aeff09e940299d950904393b2a29d191c346a8486", [:rebar3], [], "hexpm", "69b09adddc4f74a40716ae54d140f93beb0fb8978d8636eaded0c31b6f099f16"},
  "mime": {:hex, :mime, "1.4.0", "5066f14944b470286146047d2f73518cf5cca82f8e4815cf35d196b58cf07c47", [:mix], [], "hexpm", "75fa42c4228ea9a23f70f123c74ba7cece6a03b1fd474fe13f6a7a85c6ea4ff6"},
  "mimerl": {:hex, :mimerl, "1.2.0", "67e2d3f571088d5cfd3e550c383094b47159f3eee8ffa08e64106cdf5e981be3", [:rebar3], [], "hexpm", "f278585650aa581986264638ebf698f8bb19df297f66ad91b18910dfc6e19323"},
  "neotoma": {:hex, :neotoma, "1.7.3", "d8bd5404b73273989946e4f4f6d529e5c2088f5fa1ca790b4dbe81f4be408e61", [:rebar], [], "hexpm", "2da322b9b1567ffa0706a7f30f6bbbde70835ae44a1050615f4b4a3d436e0f28"},
  "nimble_parsec": {:hex, :nimble_parsec, "0.5.3", "def21c10a9ed70ce22754fdeea0810dafd53c2db3219a0cd54cf5526377af1c6", [:mix], [], "hexpm", "589b5af56f4afca65217a1f3eb3fee7e79b09c40c742fddc1c312b3ac0b3399f"},
  "parse_trans": {:hex, :parse_trans, "3.3.0", "09765507a3c7590a784615cfd421d101aec25098d50b89d7aa1d66646bc571c1", [:rebar3], [], "hexpm", "17ef63abde837ad30680ea7f857dd9e7ced9476cdd7b0394432af4bfc241b960"},
  "phoenix": {:hex, :phoenix, "1.5.4", "0fca9ce7e960f9498d6315e41fcd0c80bfa6fbeb5fa3255b830c67fdfb7e703f", [:mix], [{:jason, "~> 1.0", [hex: :jason, repo: "hexpm", optional: true]}, {:phoenix_html, "~> 2.13", [hex: :phoenix_html, repo: "hexpm", optional: true]}, {:phoenix_pubsub, "~> 2.0", [hex: :phoenix_pubsub, repo: "hexpm", optional: false]}, {:plug, "~> 1.10", [hex: :plug, repo: "hexpm", optional: false]}, {:plug_cowboy, "~> 1.0 or ~> 2.2", [hex: :plug_cowboy, repo: "hexpm", optional: true]}, {:plug_crypto, "~> 1.1.2 or ~> 1.2", [hex: :plug_crypto, repo: "hexpm", optional: false]}, {:telemetry, "~> 0.4", [hex: :telemetry, repo: "hexpm", optional: false]}], "hexpm", "4e516d131fde87b568abd62e1b14aa07ba7d5edfd230bab4e25cc9dedbb39135"},
  "phoenix_ecto": {:hex, :phoenix_ecto, "4.1.0", "a044d0756d0464c5a541b4a0bf4bcaf89bffcaf92468862408290682c73ae50d", [:mix], [{:ecto, "~> 3.0", [hex: :ecto, repo: "hexpm", optional: false]}, {:phoenix_html, "~> 2.9", [hex: :phoenix_html, repo: "hexpm", optional: true]}, {:plug, "~> 1.0", [hex: :plug, repo: "hexpm", optional: false]}], "hexpm", "c5e666a341ff104d0399d8f0e4ff094559b2fde13a5985d4cb5023b2c2ac558b"},
  "phoenix_html": {:hex, :phoenix_html, "2.14.2", "b8a3899a72050f3f48a36430da507dd99caf0ac2d06c77529b1646964f3d563e", [:mix], [{:plug, "~> 1.5", [hex: :plug, repo: "hexpm", optional: false]}], "hexpm", "58061c8dfd25da5df1ea0ca47c972f161beb6c875cd293917045b92ffe1bf617"},
  "phoenix_live_view": {:git, "https://github.com/phoenixframework/phoenix_live_view.git", "597c417bb9664b8b45454367758775453f615973", []},
  "phoenix_pubsub": {:hex, :phoenix_pubsub, "2.0.0", "a1ae76717bb168cdeb10ec9d92d1480fec99e3080f011402c0a2d68d47395ffb", [:mix], [], "hexpm", "c52d948c4f261577b9c6fa804be91884b381a7f8f18450c5045975435350f771"},
  "phoenix_slime": {:git, "https://github.com/coingaming/phoenix_slime.git", "e061daf010b658117c9eb034fae8e1115b41341b", [branch: "coingaming"]},
  "plug": {:hex, :plug, "1.10.4", "41eba7d1a2d671faaf531fa867645bd5a3dce0957d8e2a3f398ccff7d2ef017f", [:mix], [{:mime, "~> 1.0", [hex: :mime, repo: "hexpm", optional: false]}, {:plug_crypto, "~> 1.1.1 or ~> 1.2", [hex: :plug_crypto, repo: "hexpm", optional: false]}, {:telemetry, "~> 0.4", [hex: :telemetry, repo: "hexpm", optional: false]}], "hexpm", "ad1e233fe73d2eec56616568d260777b67f53148a999dc2d048f4eb9778fe4a0"},
  "plug_cowboy": {:hex, :plug_cowboy, "2.3.0", "149a50e05cb73c12aad6506a371cd75750c0b19a32f81866e1a323dda9e0e99d", [:mix], [{:cowboy, "~> 2.7", [hex: :cowboy, repo: "hexpm", optional: false]}, {:plug, "~> 1.7", [hex: :plug, repo: "hexpm", optional: false]}, {:telemetry, "~> 0.4", [hex: :telemetry, repo: "hexpm", optional: false]}], "hexpm", "bc595a1870cef13f9c1e03df56d96804db7f702175e4ccacdb8fc75c02a7b97e"},
  "plug_crypto": {:hex, :plug_crypto, "1.1.2", "bdd187572cc26dbd95b87136290425f2b580a116d3fb1f564216918c9730d227", [:mix], [], "hexpm", "6b8b608f895b6ffcfad49c37c7883e8df98ae19c6a28113b02aa1e9c5b22d6b5"},
  "poison": {:hex, :poison, "3.1.0", "d9eb636610e096f86f25d9a46f35a9facac35609a7591b3be3326e99a0484665", [:mix], [], "hexpm", "fec8660eb7733ee4117b85f55799fd3833eb769a6df71ccf8903e8dc5447cfce"},
  "protobuf": {:git, "https://github.com/coingaming/protobuf-elixir.git", "ac717176ed6deb0ba473c4bc30d4d001d4b026e4", [branch: "beta"]},
  "ranch": {:hex, :ranch, "1.7.1", "6b1fab51b49196860b733a49c07604465a47bdb78aa10c1c16a3d199f7f8c881", [:rebar3], [], "hexpm", "451d8527787df716d99dc36162fca05934915db0b6141bbdac2ea8d3c7afc7d7"},
  "readable": {:hex, :readable, "0.1.0", "11309c931941bbb7134d1db54b4962e68875f2b6765a1a5158b333d20dfa2926", [:mix], [{:typable, "~> 0.3", [hex: :typable, repo: "hexpm", optional: false]}], "hexpm", "05fa80f50d03e8e9adff131fd918792a2d02767edf9aca157df96f09171a9b19"},
  "selectable": {:git, "https://github.com/coingaming/selectable.git", "df5bfac50d8408c2c432d1c7cd4975a6b9e04098", []},
  "sleeplocks": {:hex, :sleeplocks, "1.1.1", "3d462a0639a6ef36cc75d6038b7393ae537ab394641beb59830a1b8271faeed3", [:rebar3], [], "hexpm", "84ee37aeff4d0d92b290fff986d6a95ac5eedf9b383fadfd1d88e9b84a1c02e1"},
  "slime": {:hex, :slime, "1.2.1", "71e036056051f0a6fae136af34eaa1322e8e11cdd2da3a56196fd31bca34dd49", [:mix], [{:neotoma, "~> 1.7", [hex: :neotoma, repo: "hexpm", optional: false]}], "hexpm", "298568e64291fed4eb690be094f6c46400daa03b594bab34fcaa0167e139c263"},
  "ssl_verify_fun": {:hex, :ssl_verify_fun, "1.1.6", "cf344f5692c82d2cd7554f5ec8fd961548d4fd09e7d22f5b62482e5aeaebd4b0", [:make, :mix, :rebar3], [], "hexpm", "bdb0d2471f453c88ff3908e7686f86f9be327d065cc1ec16fa4540197ea04680"},
  "surface": {:git, "https://github.com/msaraiva/surface.git", "2808fcd5d9d2a2b9e2994911ec94b434374878fc", []},
  "telemetry": {:hex, :telemetry, "0.4.2", "2808c992455e08d6177322f14d3bdb6b625fbcfd233a73505870d8738a2f4599", [:rebar3], [], "hexpm", "2d1419bd9dda6a206d7b5852179511722e2b18812310d304620c7bd92a13fcef"},
  "typable": {:hex, :typable, "0.3.0", "0431e121d124cd26f312123e313d2689b9a5322b15add65d424c07779eaa3ca1", [:mix], [], "hexpm", "880a0797752da1a4c508ac48f94711e04c86156f498065a83d160eef945858f8"},
  "ua_inspector": {:hex, :ua_inspector, "1.2.0", "970339552466e6a814cc6339f582d34c6814f28952bb4513f29b1d0a1dbc8847", [:mix], [{:hackney, "~> 1.0", [hex: :hackney, repo: "hexpm", optional: false]}, {:yamerl, "~> 0.7", [hex: :yamerl, repo: "hexpm", optional: false]}], "hexpm", "fe382b403a5eb9e783e143e0a014bb23f10f59024fc129dc2b82c845772cc1f9"},
  "uelli": {:hex, :uelli, "0.1.6", "3ced361c14268113a3cbb015b99bdb499d65db376656841bd99649dafe2ae3c2", [:mix], [], "hexpm", "0795d46773d75332a9902677180f9a45934fed7c263a2eb798c36384a40aad18"},
  "unicode_util_compat": {:hex, :unicode_util_compat, "0.5.0", "8516502659002cec19e244ebd90d312183064be95025a319a6c7e89f4bccd65b", [:rebar3], [], "hexpm", "d48d002e15f5cc105a696cf2f1bbb3fc72b4b770a184d8420c8db20da2674b38"},
  "unsafe": {:hex, :unsafe, "1.0.1", "a27e1874f72ee49312e0a9ec2e0b27924214a05e3ddac90e91727bc76f8613d8", [:mix], [], "hexpm", "6c7729a2d214806450d29766abc2afaa7a2cbecf415be64f36a6691afebb50e5"},
  "uuid": {:hex, :uuid, "1.1.8", "e22fc04499de0de3ed1116b770c7737779f226ceefa0badb3592e64d5cfb4eb9", [:mix], [], "hexpm", "c790593b4c3b601f5dc2378baae7efaf5b3d73c4c6456ba85759905be792f2ac"},
  "wonderland": {:hex, :wonderland, "0.1.2", "dbf21488b1c2685fcd247a33b04ba223b4e406d23be67b7828e7cade289034a5", [:mix], [{:calculus, "~> 0.3", [hex: :calculus, repo: "hexpm", optional: false]}, {:kare, "~> 1.0", [hex: :kare, repo: "hexpm", optional: false]}], "hexpm", "0a44ea33ab8f9118bbe4e7b473a6308acd71cff5fc79b4938695c2aef6d2543b"},
  "yamerl": {:hex, :yamerl, "0.8.0", "8214cfe16bbabe5d1d6c14a14aea11c784b9a21903dd6a7c74f8ce180adae5c7", [:rebar3], [], "hexpm", "010634477bf9c208a0767dcca89116c2442cf0b5e87f9c870f85cd1c3e0c2aab"},
}
