{
  "name": "moon",
  "version": "2.0.2",
  "lockfileVersion": 3,
  "requires": true,
  "packages": {
    "": {
      "name": "moon",
      "version": "2.0.2",
      "dependencies": {
        "scroll-into-view-if-needed": "^3.0.10",
        "smooth-scroll-into-view-if-needed": "^2.0.0"
      }
    },
    "node_modules/compute-scroll-into-view": {
      "version": "3.0.3",
      "resolved": "https://registry.npmjs.org/compute-scroll-into-view/-/compute-scroll-into-view-3.0.3.tgz",
      "integrity": "sha512-nadqwNxghAGTamwIqQSG433W6OADZx2vCo3UXHNrzTRHK/htu+7+L0zhjEoaeaQVNAi3YgqWDv8+tzf0hRfR+A=="
    },
    "node_modules/scroll-into-view-if-needed": {
      "version": "3.0.10",
      "resolved": "https://registry.npmjs.org/scroll-into-view-if-needed/-/scroll-into-view-if-needed-3.0.10.tgz",
      "integrity": "sha512-t44QCeDKAPf1mtQH3fYpWz8IM/DyvHLjs8wUvvwMYxk5moOqCzrMSxK6HQVD0QVmVjXFavoFIPRVrMuJPKAvtg==",
      "dependencies": {
        "compute-scroll-into-view": "^3.0.2"
      }
    },
    "node_modules/smooth-scroll-into-view-if-needed": {
      "version": "2.0.0",
      "resolved": "https://registry.npmjs.org/smooth-scroll-into-view-if-needed/-/smooth-scroll-into-view-if-needed-2.0.0.tgz",
      "integrity": "sha512-afkGGHcXTFggn0/byzt0vhTEFEzQItQVgEAuapNBEo8TcoxPlWx1kTyzar6b2sYiDPmZ9RIguIdBTTofpTJ3vw==",
      "dependencies": {
        "scroll-into-view-if-needed": "^3.0.6"
      }
    }
  }
}
